
Microsoft Visual Studio Solution File, Format Version 12.00
# Visual Studio Version 16
VisualStudioVersion = 16.0.31702.278
MinimumVisualStudioVersion = 10.0.40219.1
Project("{FAE04EC0-301F-11D3-BF4B-00C04F79EFBC}") = "USSApiCatalogoJogos", "USSApiCatalogoJogos\USSApiCatalogoJogos.csproj", "{ADA3C9C2-C0A6-41B9-A42F-943A9D6B56E5}"
EndProject
Global
	GlobalSection(SolutionConfigurationPlatforms) = preSolution
		Debug|Any CPU = Debug|Any CPU
		Release|Any CPU = Release|Any CPU
	EndGlobalSection
	GlobalSection(ProjectConfigurationPlatforms) = postSolution
		{ADA3C9C2-C0A6-41B9-A42F-943A9D6B56E5}.Debug|Any CPU.ActiveCfg = Debug|Any CPU
		{ADA3C9C2-C0A6-41B9-A42F-943A9D6B56E5}.Debug|Any CPU.Build.0 = Debug|Any CPU
		{ADA3C9C2-C0A6-41B9-A42F-943A9D6B56E5}.Release|Any CPU.ActiveCfg = Release|Any CPU
		{ADA3C9C2-C0A6-41B9-A42F-943A9D6B56E5}.Release|Any CPU.Build.0 = Release|Any CPU
	EndGlobalSection
	GlobalSection(SolutionProperties) = preSolution
		HideSolutionNode = FALSE
	EndGlobalSection
	GlobalSection(ExtensibilityGlobals) = postSolution
		SolutionGuid = {A052CB76-6396-4BC2-8B43-575B14DFA5D4}
	EndGlobalSection
EndGlobal
